// !$*UTF8*$!
{
	archiveVersion = 1;
	classes = {
	};
	objectVersion = 50;
	objects = {

/* Begin PBXBuildFile section */
		7E41B9D1245D5A1A005155BA /* TransactionRouter.swift in Sources */ = {isa = PBXBuildFile; fileRef = 7E41B9D0245D5A1A005155BA /* TransactionRouter.swift */; };
		7E41B9D5245DB982005155BA /* ExpenseTransaction.swift in Sources */ = {isa = PBXBuildFile; fileRef = 7E41B9D4245DB982005155BA /* ExpenseTransaction.swift */; };
		7E41B9D7245DBE5E005155BA /* TransactionDTO.swift in Sources */ = {isa = PBXBuildFile; fileRef = 7E41B9D6245DBE5E005155BA /* TransactionDTO.swift */; };
		7E41B9D9245E2D90005155BA /* TransactionPresenter.swift in Sources */ = {isa = PBXBuildFile; fileRef = 7E41B9D8245E2D90005155BA /* TransactionPresenter.swift */; };
		7EAA477B2459609A005565C1 /* ExpenseCategory.swift in Sources */ = {isa = PBXBuildFile; fileRef = 7EAA477A2459609A005565C1 /* ExpenseCategory.swift */; };
		7EAA477D24596169005565C1 /* ManagedObject.swift in Sources */ = {isa = PBXBuildFile; fileRef = 7EAA477C24596169005565C1 /* ManagedObject.swift */; };
		7EAA477F24599DC6005565C1 /* ExpenseeContainer.swift in Sources */ = {isa = PBXBuildFile; fileRef = 7EAA477E24599DC6005565C1 /* ExpenseeContainer.swift */; };
		7EAA47812459A0F4005565C1 /* CategoriesInteractor.swift in Sources */ = {isa = PBXBuildFile; fileRef = 7EAA47802459A0F4005565C1 /* CategoriesInteractor.swift */; };
		7EAA47852459A479005565C1 /* CoreDataStore.swift in Sources */ = {isa = PBXBuildFile; fileRef = 7EAA47842459A479005565C1 /* CoreDataStore.swift */; };
		7EAA47872459A67A005565C1 /* CategoriesRepository.swift in Sources */ = {isa = PBXBuildFile; fileRef = 7EAA47862459A67A005565C1 /* CategoriesRepository.swift */; };
		7EAA478A2459A71C005565C1 /* ManagedObjectType.swift in Sources */ = {isa = PBXBuildFile; fileRef = 7EAA47892459A71C005565C1 /* ManagedObjectType.swift */; };
		7EAA478D245A3F3F005565C1 /* NSManagedObjectContext+CRUD.swift in Sources */ = {isa = PBXBuildFile; fileRef = 7EAA478C245A3F3F005565C1 /* NSManagedObjectContext+CRUD.swift */; };
		7EAA478F245AD11B005565C1 /* ExpenseBudget.swift in Sources */ = {isa = PBXBuildFile; fileRef = 7EAA478E245AD11B005565C1 /* ExpenseBudget.swift */; };
		7EAA4792245AD179005565C1 /* CategoryDTO.swift in Sources */ = {isa = PBXBuildFile; fileRef = 7EAA4791245AD179005565C1 /* CategoryDTO.swift */; };
		7EAA4794245AD189005565C1 /* BudgetDTO.swift in Sources */ = {isa = PBXBuildFile; fileRef = 7EAA4793245AD189005565C1 /* BudgetDTO.swift */; };
		7EAA4796245ADBAC005565C1 /* BudgetRepository.swift in Sources */ = {isa = PBXBuildFile; fileRef = 7EAA4795245ADBAC005565C1 /* BudgetRepository.swift */; };
		7EAA479A245B8B08005565C1 /* AddCategoryViewController.swift in Sources */ = {isa = PBXBuildFile; fileRef = 7EAA4798245B8B08005565C1 /* AddCategoryViewController.swift */; };
		7EAA479B245B8B08005565C1 /* AddCategoryViewController.xib in Resources */ = {isa = PBXBuildFile; fileRef = 7EAA4799245B8B08005565C1 /* AddCategoryViewController.xib */; };
		7EAA479E245B9B4B005565C1 /* CurrencyTextFieldDelegate.swift in Sources */ = {isa = PBXBuildFile; fileRef = 7EAA479D245B9B4B005565C1 /* CurrencyTextFieldDelegate.swift */; };
		7EAA47A0245B9B84005565C1 /* TextFieldDelegation.swift in Sources */ = {isa = PBXBuildFile; fileRef = 7EAA479F245B9B84005565C1 /* TextFieldDelegation.swift */; };
		7EAA47A3245B9BBE005565C1 /* Either.swift in Sources */ = {isa = PBXBuildFile; fileRef = 7EAA47A2245B9BBE005565C1 /* Either.swift */; };
		7EAA47A5245B9C22005565C1 /* LimitValidator.swift in Sources */ = {isa = PBXBuildFile; fileRef = 7EAA47A4245B9C22005565C1 /* LimitValidator.swift */; };
		7EAA47A7245BB6D4005565C1 /* DecimalValidator.swift in Sources */ = {isa = PBXBuildFile; fileRef = 7EAA47A6245BB6D4005565C1 /* DecimalValidator.swift */; };
		7EAA47A9245BD2D0005565C1 /* AnyTextFieldDelegation.swift in Sources */ = {isa = PBXBuildFile; fileRef = 7EAA47A8245BD2D0005565C1 /* AnyTextFieldDelegation.swift */; };
		7EAA47AB245BD318005565C1 /* AnyValidator.swift in Sources */ = {isa = PBXBuildFile; fileRef = 7EAA47AA245BD318005565C1 /* AnyValidator.swift */; };
		7EAA47AD245BDA45005565C1 /* AddCategoryInteractor.swift in Sources */ = {isa = PBXBuildFile; fileRef = 7EAA47AC245BDA45005565C1 /* AddCategoryInteractor.swift */; };
		7EAA47AF245BDC40005565C1 /* CategoryColorUseCase.swift in Sources */ = {isa = PBXBuildFile; fileRef = 7EAA47AE245BDC40005565C1 /* CategoryColorUseCase.swift */; };
		7EAA47B1245BEBFA005565C1 /* UIColor+Hex.swift in Sources */ = {isa = PBXBuildFile; fileRef = 7EAA47B0245BEBFA005565C1 /* UIColor+Hex.swift */; };
		7EAA47B3245BF7D3005565C1 /* AddCategoryUseCase.swift in Sources */ = {isa = PBXBuildFile; fileRef = 7EAA47B2245BF7D3005565C1 /* AddCategoryUseCase.swift */; };
		7EAA47B5245C3F5A005565C1 /* CategoriesRouter.swift in Sources */ = {isa = PBXBuildFile; fileRef = 7EAA47B4245C3F5A005565C1 /* CategoriesRouter.swift */; };
		7EAA47B7245C4991005565C1 /* AddCategoryRouter.swift in Sources */ = {isa = PBXBuildFile; fileRef = 7EAA47B6245C4991005565C1 /* AddCategoryRouter.swift */; };
		7EAA47BA245C4C1B005565C1 /* DependencyInjection.swift in Sources */ = {isa = PBXBuildFile; fileRef = 7EAA47B9245C4C1B005565C1 /* DependencyInjection.swift */; };
		7EAA47BC245C4E3C005565C1 /* AddCategoryPresenter.swift in Sources */ = {isa = PBXBuildFile; fileRef = 7EAA47BB245C4E3C005565C1 /* AddCategoryPresenter.swift */; };
		7EAA47BE245C594D005565C1 /* CategoriesLoadUseCase.swift in Sources */ = {isa = PBXBuildFile; fileRef = 7EAA47BD245C594D005565C1 /* CategoriesLoadUseCase.swift */; };
		7EAA47C3245D03E7005565C1 /* TransactionListViewController.xib in Resources */ = {isa = PBXBuildFile; fileRef = 7EAA47C1245D03E7005565C1 /* TransactionListViewController.xib */; };
		7EAA47C7245D0635005565C1 /* TransactionTableViewCell.swift in Sources */ = {isa = PBXBuildFile; fileRef = 7EAA47C5245D0635005565C1 /* TransactionTableViewCell.swift */; };
		7EAA47C8245D0635005565C1 /* TransactionTableViewCell.xib in Resources */ = {isa = PBXBuildFile; fileRef = 7EAA47C6245D0635005565C1 /* TransactionTableViewCell.xib */; };
		7EAA47CA245D0856005565C1 /* TransactionCellModel.swift in Sources */ = {isa = PBXBuildFile; fileRef = 7EAA47C9245D0856005565C1 /* TransactionCellModel.swift */; };
		7EAA47CE245D13D6005565C1 /* TransactionViewController.swift in Sources */ = {isa = PBXBuildFile; fileRef = 7EAA47CC245D13D6005565C1 /* TransactionViewController.swift */; };
		7EAA47CF245D13D6005565C1 /* TransactionViewController.xib in Resources */ = {isa = PBXBuildFile; fileRef = 7EAA47CD245D13D6005565C1 /* TransactionViewController.xib */; };
		7EAA47D1245D177C005565C1 /* TransactionListViewController.swift in Sources */ = {isa = PBXBuildFile; fileRef = 7EAA47D0245D177C005565C1 /* TransactionListViewController.swift */; };
		7EAA47D3245D2A80005565C1 /* TransactionListRouter.swift in Sources */ = {isa = PBXBuildFile; fileRef = 7EAA47D2245D2A80005565C1 /* TransactionListRouter.swift */; };
		7ED5CE2F24590A7C00E5D454 /* AppDelegate.swift in Sources */ = {isa = PBXBuildFile; fileRef = 7ED5CE2E24590A7C00E5D454 /* AppDelegate.swift */; };
		7ED5CE3924590A7C00E5D454 /* Expensee.xcdatamodeld in Sources */ = {isa = PBXBuildFile; fileRef = 7ED5CE3724590A7C00E5D454 /* Expensee.xcdatamodeld */; };
		7ED5CE3B24590A7F00E5D454 /* Assets.xcassets in Resources */ = {isa = PBXBuildFile; fileRef = 7ED5CE3A24590A7F00E5D454 /* Assets.xcassets */; };
		7ED5CE3E24590A7F00E5D454 /* LaunchScreen.storyboard in Resources */ = {isa = PBXBuildFile; fileRef = 7ED5CE3C24590A7F00E5D454 /* LaunchScreen.storyboard */; };
		7ED5CE4924590A8000E5D454 /* ExpenseeTests.swift in Sources */ = {isa = PBXBuildFile; fileRef = 7ED5CE4824590A8000E5D454 /* ExpenseeTests.swift */; };
		7ED5CE5624590F5C00E5D454 /* LaunchInteractor.swift in Sources */ = {isa = PBXBuildFile; fileRef = 7ED5CE5424590F5C00E5D454 /* LaunchInteractor.swift */; };
		7ED5CE5724590F5C00E5D454 /* LaunchDetailsInteractor.swift in Sources */ = {isa = PBXBuildFile; fileRef = 7ED5CE5524590F5C00E5D454 /* LaunchDetailsInteractor.swift */; };
		7ED5CE5B24590FA300E5D454 /* LaunchViewController.swift in Sources */ = {isa = PBXBuildFile; fileRef = 7ED5CE5824590FA300E5D454 /* LaunchViewController.swift */; };
		7ED5CE5C24590FA300E5D454 /* LaunchViewController.xib in Resources */ = {isa = PBXBuildFile; fileRef = 7ED5CE5924590FA300E5D454 /* LaunchViewController.xib */; };
		7ED5CE5D24590FA300E5D454 /* LaunchPresenter.swift in Sources */ = {isa = PBXBuildFile; fileRef = 7ED5CE5A24590FA300E5D454 /* LaunchPresenter.swift */; };
		7ED5CE6824590FD000E5D454 /* Reader.swift in Sources */ = {isa = PBXBuildFile; fileRef = 7ED5CE5F24590FD000E5D454 /* Reader.swift */; };
		7ED5CE6924590FD000E5D454 /* Future.swift in Sources */ = {isa = PBXBuildFile; fileRef = 7ED5CE6024590FD000E5D454 /* Future.swift */; };
		7ED5CE6A24590FD000E5D454 /* UIView+Stateful.swift in Sources */ = {isa = PBXBuildFile; fileRef = 7ED5CE6224590FD000E5D454 /* UIView+Stateful.swift */; };
		7ED5CE6B24590FD000E5D454 /* StringExtension+TypeName.swift in Sources */ = {isa = PBXBuildFile; fileRef = 7ED5CE6324590FD000E5D454 /* StringExtension+TypeName.swift */; };
		7ED5CE6C24590FD000E5D454 /* NibExtension+NamingConvention.swift in Sources */ = {isa = PBXBuildFile; fileRef = 7ED5CE6424590FD000E5D454 /* NibExtension+NamingConvention.swift */; };
		7ED5CE6D24590FD000E5D454 /* UIImageView+Rest.swift in Sources */ = {isa = PBXBuildFile; fileRef = 7ED5CE6524590FD000E5D454 /* UIImageView+Rest.swift */; };
		7ED5CE6E24590FD000E5D454 /* Fn.swift in Sources */ = {isa = PBXBuildFile; fileRef = 7ED5CE6624590FD000E5D454 /* Fn.swift */; };
		7ED5CE6F24590FD000E5D454 /* Atomic.swift in Sources */ = {isa = PBXBuildFile; fileRef = 7ED5CE6724590FD000E5D454 /* Atomic.swift */; };
		7ED5CEA0245910B400E5D454 /* HTTPURLResponse+Status.swift in Sources */ = {isa = PBXBuildFile; fileRef = 7ED5CE72245910B400E5D454 /* HTTPURLResponse+Status.swift */; };
		7ED5CEA1245910B400E5D454 /* DateFormatter.swift in Sources */ = {isa = PBXBuildFile; fileRef = 7ED5CE73245910B400E5D454 /* DateFormatter.swift */; };
		7ED5CEA2245910B400E5D454 /* Rest.swift in Sources */ = {isa = PBXBuildFile; fileRef = 7ED5CE74245910B400E5D454 /* Rest.swift */; };
		7ED5CEA3245910B400E5D454 /* HTTPMethod.swift in Sources */ = {isa = PBXBuildFile; fileRef = 7ED5CE76245910B400E5D454 /* HTTPMethod.swift */; };
		7ED5CEA4245910B400E5D454 /* Response.swift in Sources */ = {isa = PBXBuildFile; fileRef = 7ED5CE77245910B400E5D454 /* Response.swift */; };
		7ED5CEC1245910B400E5D454 /* RequestCreator.swift in Sources */ = {isa = PBXBuildFile; fileRef = 7ED5CE96245910B400E5D454 /* RequestCreator.swift */; };
		7ED5CEC2245910B400E5D454 /* RestRequestAuthorizationDecorator.swift in Sources */ = {isa = PBXBuildFile; fileRef = 7ED5CE98245910B400E5D454 /* RestRequestAuthorizationDecorator.swift */; };
		7ED5CEC3245910B400E5D454 /* RestRequestMethodDecorator.swift in Sources */ = {isa = PBXBuildFile; fileRef = 7ED5CE99245910B400E5D454 /* RestRequestMethodDecorator.swift */; };
		7ED5CEC4245910B400E5D454 /* RestRequestURLQueryDecorator.swift in Sources */ = {isa = PBXBuildFile; fileRef = 7ED5CE9A245910B400E5D454 /* RestRequestURLQueryDecorator.swift */; };
		7ED5CEC5245910B400E5D454 /* XRequest.swift in Sources */ = {isa = PBXBuildFile; fileRef = 7ED5CE9B245910B400E5D454 /* XRequest.swift */; };
		7ED5CEC6245910B400E5D454 /* RestRequest.swift in Sources */ = {isa = PBXBuildFile; fileRef = 7ED5CE9D245910B400E5D454 /* RestRequest.swift */; };
		7ED5CEC7245910B400E5D454 /* URLSessionProvider.swift in Sources */ = {isa = PBXBuildFile; fileRef = 7ED5CE9E245910B400E5D454 /* URLSessionProvider.swift */; };
		7ED5CEC8245910B400E5D454 /* URLSessionDataTaskProtocol.swift in Sources */ = {isa = PBXBuildFile; fileRef = 7ED5CE9F245910B400E5D454 /* URLSessionDataTaskProtocol.swift */; };
		7ED5CECD2459125200E5D454 /* CategoriesViewController.swift in Sources */ = {isa = PBXBuildFile; fileRef = 7ED5CECB2459125200E5D454 /* CategoriesViewController.swift */; };
		7ED5CECE2459125200E5D454 /* CategoriesViewController.xib in Resources */ = {isa = PBXBuildFile; fileRef = 7ED5CECC2459125200E5D454 /* CategoriesViewController.xib */; };
		7ED5CED12459129A00E5D454 /* CategoriesPresenter.swift in Sources */ = {isa = PBXBuildFile; fileRef = 7ED5CED02459129A00E5D454 /* CategoriesPresenter.swift */; };
		7ED5CED32459145A00E5D454 /* SimpleTableViewDataSource.swift in Sources */ = {isa = PBXBuildFile; fileRef = 7ED5CED22459145A00E5D454 /* SimpleTableViewDataSource.swift */; };
		7ED5CED7245915FD00E5D454 /* SimpleTableViewProvider.swift in Sources */ = {isa = PBXBuildFile; fileRef = 7ED5CED6245915FD00E5D454 /* SimpleTableViewProvider.swift */; };
		7ED5CED92459164600E5D454 /* TableSection.swift in Sources */ = {isa = PBXBuildFile; fileRef = 7ED5CED82459164600E5D454 /* TableSection.swift */; };
		7ED5CEDB245916B600E5D454 /* CategoriesTableDataSource.swift in Sources */ = {isa = PBXBuildFile; fileRef = 7ED5CEDA245916B600E5D454 /* CategoriesTableDataSource.swift */; };
		7ED5CEDE24591E6E00E5D454 /* CategoryCellModel.swift in Sources */ = {isa = PBXBuildFile; fileRef = 7ED5CEDD24591E6E00E5D454 /* CategoryCellModel.swift */; };
		7ED5CEE0245920BF00E5D454 /* String+Emoji.swift in Sources */ = {isa = PBXBuildFile; fileRef = 7ED5CEDF245920BF00E5D454 /* String+Emoji.swift */; };
		7ED5CEE42459238500E5D454 /* CategoryTableViewCell.swift in Sources */ = {isa = PBXBuildFile; fileRef = 7ED5CEE22459238500E5D454 /* CategoryTableViewCell.swift */; };
		7ED5CEE52459238500E5D454 /* CategoryTableViewCell.xib in Resources */ = {isa = PBXBuildFile; fileRef = 7ED5CEE32459238500E5D454 /* CategoryTableViewCell.xib */; };
		7ED5CEE82459275B00E5D454 /* Reuable.swift in Sources */ = {isa = PBXBuildFile; fileRef = 7ED5CEE72459275B00E5D454 /* Reuable.swift */; };
		7ED5CEEA245927AD00E5D454 /* DescriptibleByType.swift in Sources */ = {isa = PBXBuildFile; fileRef = 7ED5CEE9245927AD00E5D454 /* DescriptibleByType.swift */; };
		7ED5CEEC2459288800E5D454 /* NSObject+Descriptible.swift in Sources */ = {isa = PBXBuildFile; fileRef = 7ED5CEEB2459288800E5D454 /* NSObject+Descriptible.swift */; };
		7ED5CEEE24592B1F00E5D454 /* UIView+DefaultNib.swift in Sources */ = {isa = PBXBuildFile; fileRef = 7ED5CEED24592B1F00E5D454 /* UIView+DefaultNib.swift */; };
		7ED5CEF024592C3D00E5D454 /* UITableView+Reuable.swift in Sources */ = {isa = PBXBuildFile; fileRef = 7ED5CEEF24592C3D00E5D454 /* UITableView+Reuable.swift */; };
/* End PBXBuildFile section */

/* Begin PBXContainerItemProxy section */
		7ED5CE4524590A8000E5D454 /* PBXContainerItemProxy */ = {
			isa = PBXContainerItemProxy;
			containerPortal = 7ED5CE2324590A7C00E5D454 /* Project object */;
			proxyType = 1;
			remoteGlobalIDString = 7ED5CE2A24590A7C00E5D454;
			remoteInfo = Expensee;
		};
/* End PBXContainerItemProxy section */

/* Begin PBXFileReference section */
		7E41B9D0245D5A1A005155BA /* TransactionRouter.swift */ = {isa = PBXFileReference; lastKnownFileType = sourcecode.swift; path = TransactionRouter.swift; sourceTree = "<group>"; };
		7E41B9D4245DB982005155BA /* ExpenseTransaction.swift */ = {isa = PBXFileReference; lastKnownFileType = sourcecode.swift; path = ExpenseTransaction.swift; sourceTree = "<group>"; };
		7E41B9D6245DBE5E005155BA /* TransactionDTO.swift */ = {isa = PBXFileReference; lastKnownFileType = sourcecode.swift; path = TransactionDTO.swift; sourceTree = "<group>"; };
		7E41B9D8245E2D90005155BA /* TransactionPresenter.swift */ = {isa = PBXFileReference; lastKnownFileType = sourcecode.swift; path = TransactionPresenter.swift; sourceTree = "<group>"; };
		7EAA477A2459609A005565C1 /* ExpenseCategory.swift */ = {isa = PBXFileReference; lastKnownFileType = sourcecode.swift; path = ExpenseCategory.swift; sourceTree = "<group>"; };
		7EAA477C24596169005565C1 /* ManagedObject.swift */ = {isa = PBXFileReference; lastKnownFileType = sourcecode.swift; path = ManagedObject.swift; sourceTree = "<group>"; };
		7EAA477E24599DC6005565C1 /* ExpenseeContainer.swift */ = {isa = PBXFileReference; lastKnownFileType = sourcecode.swift; path = ExpenseeContainer.swift; sourceTree = "<group>"; };
		7EAA47802459A0F4005565C1 /* CategoriesInteractor.swift */ = {isa = PBXFileReference; lastKnownFileType = sourcecode.swift; path = CategoriesInteractor.swift; sourceTree = "<group>"; };
		7EAA47842459A479005565C1 /* CoreDataStore.swift */ = {isa = PBXFileReference; lastKnownFileType = sourcecode.swift; path = CoreDataStore.swift; sourceTree = "<group>"; };
		7EAA47862459A67A005565C1 /* CategoriesRepository.swift */ = {isa = PBXFileReference; lastKnownFileType = sourcecode.swift; path = CategoriesRepository.swift; sourceTree = "<group>"; };
		7EAA47892459A71C005565C1 /* ManagedObjectType.swift */ = {isa = PBXFileReference; lastKnownFileType = sourcecode.swift; path = ManagedObjectType.swift; sourceTree = "<group>"; };
		7EAA478C245A3F3F005565C1 /* NSManagedObjectContext+CRUD.swift */ = {isa = PBXFileReference; lastKnownFileType = sourcecode.swift; path = "NSManagedObjectContext+CRUD.swift"; sourceTree = "<group>"; };
		7EAA478E245AD11B005565C1 /* ExpenseBudget.swift */ = {isa = PBXFileReference; lastKnownFileType = sourcecode.swift; path = ExpenseBudget.swift; sourceTree = "<group>"; };
		7EAA4791245AD179005565C1 /* CategoryDTO.swift */ = {isa = PBXFileReference; lastKnownFileType = sourcecode.swift; path = CategoryDTO.swift; sourceTree = "<group>"; };
		7EAA4793245AD189005565C1 /* BudgetDTO.swift */ = {isa = PBXFileReference; lastKnownFileType = sourcecode.swift; path = BudgetDTO.swift; sourceTree = "<group>"; };
		7EAA4795245ADBAC005565C1 /* BudgetRepository.swift */ = {isa = PBXFileReference; lastKnownFileType = sourcecode.swift; path = BudgetRepository.swift; sourceTree = "<group>"; };
		7EAA4798245B8B08005565C1 /* AddCategoryViewController.swift */ = {isa = PBXFileReference; lastKnownFileType = sourcecode.swift; path = AddCategoryViewController.swift; sourceTree = "<group>"; };
		7EAA4799245B8B08005565C1 /* AddCategoryViewController.xib */ = {isa = PBXFileReference; lastKnownFileType = file.xib; path = AddCategoryViewController.xib; sourceTree = "<group>"; };
		7EAA479D245B9B4B005565C1 /* CurrencyTextFieldDelegate.swift */ = {isa = PBXFileReference; lastKnownFileType = sourcecode.swift; path = CurrencyTextFieldDelegate.swift; sourceTree = "<group>"; };
		7EAA479F245B9B84005565C1 /* TextFieldDelegation.swift */ = {isa = PBXFileReference; lastKnownFileType = sourcecode.swift; path = TextFieldDelegation.swift; sourceTree = "<group>"; };
		7EAA47A2245B9BBE005565C1 /* Either.swift */ = {isa = PBXFileReference; lastKnownFileType = sourcecode.swift; path = Either.swift; sourceTree = "<group>"; };
		7EAA47A4245B9C22005565C1 /* LimitValidator.swift */ = {isa = PBXFileReference; lastKnownFileType = sourcecode.swift; path = LimitValidator.swift; sourceTree = "<group>"; };
		7EAA47A6245BB6D4005565C1 /* DecimalValidator.swift */ = {isa = PBXFileReference; lastKnownFileType = sourcecode.swift; path = DecimalValidator.swift; sourceTree = "<group>"; };
		7EAA47A8245BD2D0005565C1 /* AnyTextFieldDelegation.swift */ = {isa = PBXFileReference; lastKnownFileType = sourcecode.swift; path = AnyTextFieldDelegation.swift; sourceTree = "<group>"; };
		7EAA47AA245BD318005565C1 /* AnyValidator.swift */ = {isa = PBXFileReference; lastKnownFileType = sourcecode.swift; path = AnyValidator.swift; sourceTree = "<group>"; };
		7EAA47AC245BDA45005565C1 /* AddCategoryInteractor.swift */ = {isa = PBXFileReference; lastKnownFileType = sourcecode.swift; path = AddCategoryInteractor.swift; sourceTree = "<group>"; };
		7EAA47AE245BDC40005565C1 /* CategoryColorUseCase.swift */ = {isa = PBXFileReference; lastKnownFileType = sourcecode.swift; path = CategoryColorUseCase.swift; sourceTree = "<group>"; };
		7EAA47B0245BEBFA005565C1 /* UIColor+Hex.swift */ = {isa = PBXFileReference; lastKnownFileType = sourcecode.swift; path = "UIColor+Hex.swift"; sourceTree = "<group>"; };
		7EAA47B2245BF7D3005565C1 /* AddCategoryUseCase.swift */ = {isa = PBXFileReference; lastKnownFileType = sourcecode.swift; path = AddCategoryUseCase.swift; sourceTree = "<group>"; };
		7EAA47B4245C3F5A005565C1 /* CategoriesRouter.swift */ = {isa = PBXFileReference; lastKnownFileType = sourcecode.swift; path = CategoriesRouter.swift; sourceTree = "<group>"; };
		7EAA47B6245C4991005565C1 /* AddCategoryRouter.swift */ = {isa = PBXFileReference; lastKnownFileType = sourcecode.swift; path = AddCategoryRouter.swift; sourceTree = "<group>"; };
		7EAA47B9245C4C1B005565C1 /* DependencyInjection.swift */ = {isa = PBXFileReference; lastKnownFileType = sourcecode.swift; path = DependencyInjection.swift; sourceTree = "<group>"; };
		7EAA47BB245C4E3C005565C1 /* AddCategoryPresenter.swift */ = {isa = PBXFileReference; lastKnownFileType = sourcecode.swift; path = AddCategoryPresenter.swift; sourceTree = "<group>"; };
		7EAA47BD245C594D005565C1 /* CategoriesLoadUseCase.swift */ = {isa = PBXFileReference; fileEncoding = 4; lastKnownFileType = sourcecode.swift; name = CategoriesLoadUseCase.swift; path = Expensee/Scenes/Categories/CategoriesLoadUseCase.swift; sourceTree = SOURCE_ROOT; };
		7EAA47C1245D03E7005565C1 /* TransactionListViewController.xib */ = {isa = PBXFileReference; lastKnownFileType = file.xib; path = TransactionListViewController.xib; sourceTree = "<group>"; };
		7EAA47C5245D0635005565C1 /* TransactionTableViewCell.swift */ = {isa = PBXFileReference; lastKnownFileType = sourcecode.swift; path = TransactionTableViewCell.swift; sourceTree = "<group>"; };
		7EAA47C6245D0635005565C1 /* TransactionTableViewCell.xib */ = {isa = PBXFileReference; lastKnownFileType = file.xib; path = TransactionTableViewCell.xib; sourceTree = "<group>"; };
		7EAA47C9245D0856005565C1 /* TransactionCellModel.swift */ = {isa = PBXFileReference; lastKnownFileType = sourcecode.swift; path = TransactionCellModel.swift; sourceTree = "<group>"; };
		7EAA47CC245D13D6005565C1 /* TransactionViewController.swift */ = {isa = PBXFileReference; lastKnownFileType = sourcecode.swift; path = TransactionViewController.swift; sourceTree = "<group>"; };
		7EAA47CD245D13D6005565C1 /* TransactionViewController.xib */ = {isa = PBXFileReference; lastKnownFileType = file.xib; path = TransactionViewController.xib; sourceTree = "<group>"; };
		7EAA47D0245D177C005565C1 /* TransactionListViewController.swift */ = {isa = PBXFileReference; fileEncoding = 4; lastKnownFileType = sourcecode.swift; path = TransactionListViewController.swift; sourceTree = "<group>"; };
		7EAA47D2245D2A80005565C1 /* TransactionListRouter.swift */ = {isa = PBXFileReference; lastKnownFileType = sourcecode.swift; path = TransactionListRouter.swift; sourceTree = "<group>"; };
		7ED5CE2B24590A7C00E5D454 /* Expensee.app */ = {isa = PBXFileReference; explicitFileType = wrapper.application; includeInIndex = 0; path = Expensee.app; sourceTree = BUILT_PRODUCTS_DIR; };
		7ED5CE2E24590A7C00E5D454 /* AppDelegate.swift */ = {isa = PBXFileReference; lastKnownFileType = sourcecode.swift; path = AppDelegate.swift; sourceTree = "<group>"; };
		7ED5CE3824590A7C00E5D454 /* Expensee.xcdatamodel */ = {isa = PBXFileReference; lastKnownFileType = wrapper.xcdatamodel; path = Expensee.xcdatamodel; sourceTree = "<group>"; };
		7ED5CE3A24590A7F00E5D454 /* Assets.xcassets */ = {isa = PBXFileReference; lastKnownFileType = folder.assetcatalog; path = Assets.xcassets; sourceTree = "<group>"; };
		7ED5CE3D24590A7F00E5D454 /* Base */ = {isa = PBXFileReference; lastKnownFileType = file.storyboard; name = Base; path = Base.lproj/LaunchScreen.storyboard; sourceTree = "<group>"; };
		7ED5CE3F24590A7F00E5D454 /* Info.plist */ = {isa = PBXFileReference; lastKnownFileType = text.plist.xml; path = Info.plist; sourceTree = "<group>"; };
		7ED5CE4424590A8000E5D454 /* ExpenseeTests.xctest */ = {isa = PBXFileReference; explicitFileType = wrapper.cfbundle; includeInIndex = 0; path = ExpenseeTests.xctest; sourceTree = BUILT_PRODUCTS_DIR; };
		7ED5CE4824590A8000E5D454 /* ExpenseeTests.swift */ = {isa = PBXFileReference; lastKnownFileType = sourcecode.swift; path = ExpenseeTests.swift; sourceTree = "<group>"; };
		7ED5CE4A24590A8000E5D454 /* Info.plist */ = {isa = PBXFileReference; lastKnownFileType = text.plist.xml; path = Info.plist; sourceTree = "<group>"; };
		7ED5CE5424590F5C00E5D454 /* LaunchInteractor.swift */ = {isa = PBXFileReference; fileEncoding = 4; lastKnownFileType = sourcecode.swift; path = LaunchInteractor.swift; sourceTree = "<group>"; };
		7ED5CE5524590F5C00E5D454 /* LaunchDetailsInteractor.swift */ = {isa = PBXFileReference; fileEncoding = 4; lastKnownFileType = sourcecode.swift; path = LaunchDetailsInteractor.swift; sourceTree = "<group>"; };
		7ED5CE5824590FA300E5D454 /* LaunchViewController.swift */ = {isa = PBXFileReference; fileEncoding = 4; lastKnownFileType = sourcecode.swift; path = LaunchViewController.swift; sourceTree = "<group>"; };
		7ED5CE5924590FA300E5D454 /* LaunchViewController.xib */ = {isa = PBXFileReference; fileEncoding = 4; lastKnownFileType = file.xib; path = LaunchViewController.xib; sourceTree = "<group>"; };
		7ED5CE5A24590FA300E5D454 /* LaunchPresenter.swift */ = {isa = PBXFileReference; fileEncoding = 4; lastKnownFileType = sourcecode.swift; path = LaunchPresenter.swift; sourceTree = "<group>"; };
		7ED5CE5F24590FD000E5D454 /* Reader.swift */ = {isa = PBXFileReference; fileEncoding = 4; lastKnownFileType = sourcecode.swift; path = Reader.swift; sourceTree = "<group>"; };
		7ED5CE6024590FD000E5D454 /* Future.swift */ = {isa = PBXFileReference; fileEncoding = 4; lastKnownFileType = sourcecode.swift; path = Future.swift; sourceTree = "<group>"; };
		7ED5CE6224590FD000E5D454 /* UIView+Stateful.swift */ = {isa = PBXFileReference; fileEncoding = 4; lastKnownFileType = sourcecode.swift; path = "UIView+Stateful.swift"; sourceTree = "<group>"; };
		7ED5CE6324590FD000E5D454 /* StringExtension+TypeName.swift */ = {isa = PBXFileReference; fileEncoding = 4; lastKnownFileType = sourcecode.swift; path = "StringExtension+TypeName.swift"; sourceTree = "<group>"; };
		7ED5CE6424590FD000E5D454 /* NibExtension+NamingConvention.swift */ = {isa = PBXFileReference; fileEncoding = 4; lastKnownFileType = sourcecode.swift; path = "NibExtension+NamingConvention.swift"; sourceTree = "<group>"; };
		7ED5CE6524590FD000E5D454 /* UIImageView+Rest.swift */ = {isa = PBXFileReference; fileEncoding = 4; lastKnownFileType = sourcecode.swift; path = "UIImageView+Rest.swift"; sourceTree = "<group>"; };
		7ED5CE6624590FD000E5D454 /* Fn.swift */ = {isa = PBXFileReference; fileEncoding = 4; lastKnownFileType = sourcecode.swift; path = Fn.swift; sourceTree = "<group>"; };
		7ED5CE6724590FD000E5D454 /* Atomic.swift */ = {isa = PBXFileReference; fileEncoding = 4; lastKnownFileType = sourcecode.swift; path = Atomic.swift; sourceTree = "<group>"; };
		7ED5CE72245910B400E5D454 /* HTTPURLResponse+Status.swift */ = {isa = PBXFileReference; fileEncoding = 4; lastKnownFileType = sourcecode.swift; path = "HTTPURLResponse+Status.swift"; sourceTree = "<group>"; };
		7ED5CE73245910B400E5D454 /* DateFormatter.swift */ = {isa = PBXFileReference; fileEncoding = 4; lastKnownFileType = sourcecode.swift; path = DateFormatter.swift; sourceTree = "<group>"; };
		7ED5CE74245910B400E5D454 /* Rest.swift */ = {isa = PBXFileReference; fileEncoding = 4; lastKnownFileType = sourcecode.swift; path = Rest.swift; sourceTree = "<group>"; };
		7ED5CE76245910B400E5D454 /* HTTPMethod.swift */ = {isa = PBXFileReference; fileEncoding = 4; lastKnownFileType = sourcecode.swift; path = HTTPMethod.swift; sourceTree = "<group>"; };
		7ED5CE77245910B400E5D454 /* Response.swift */ = {isa = PBXFileReference; fileEncoding = 4; lastKnownFileType = sourcecode.swift; path = Response.swift; sourceTree = "<group>"; };
		7ED5CE96245910B400E5D454 /* RequestCreator.swift */ = {isa = PBXFileReference; fileEncoding = 4; lastKnownFileType = sourcecode.swift; path = RequestCreator.swift; sourceTree = "<group>"; };
		7ED5CE98245910B400E5D454 /* RestRequestAuthorizationDecorator.swift */ = {isa = PBXFileReference; fileEncoding = 4; lastKnownFileType = sourcecode.swift; path = RestRequestAuthorizationDecorator.swift; sourceTree = "<group>"; };
		7ED5CE99245910B400E5D454 /* RestRequestMethodDecorator.swift */ = {isa = PBXFileReference; fileEncoding = 4; lastKnownFileType = sourcecode.swift; path = RestRequestMethodDecorator.swift; sourceTree = "<group>"; };
		7ED5CE9A245910B400E5D454 /* RestRequestURLQueryDecorator.swift */ = {isa = PBXFileReference; fileEncoding = 4; lastKnownFileType = sourcecode.swift; path = RestRequestURLQueryDecorator.swift; sourceTree = "<group>"; };
		7ED5CE9B245910B400E5D454 /* XRequest.swift */ = {isa = PBXFileReference; fileEncoding = 4; lastKnownFileType = sourcecode.swift; path = XRequest.swift; sourceTree = "<group>"; };
		7ED5CE9D245910B400E5D454 /* RestRequest.swift */ = {isa = PBXFileReference; fileEncoding = 4; lastKnownFileType = sourcecode.swift; path = RestRequest.swift; sourceTree = "<group>"; };
		7ED5CE9E245910B400E5D454 /* URLSessionProvider.swift */ = {isa = PBXFileReference; fileEncoding = 4; lastKnownFileType = sourcecode.swift; path = URLSessionProvider.swift; sourceTree = "<group>"; };
		7ED5CE9F245910B400E5D454 /* URLSessionDataTaskProtocol.swift */ = {isa = PBXFileReference; fileEncoding = 4; lastKnownFileType = sourcecode.swift; path = URLSessionDataTaskProtocol.swift; sourceTree = "<group>"; };
		7ED5CECB2459125200E5D454 /* CategoriesViewController.swift */ = {isa = PBXFileReference; lastKnownFileType = sourcecode.swift; path = CategoriesViewController.swift; sourceTree = "<group>"; };
		7ED5CECC2459125200E5D454 /* CategoriesViewController.xib */ = {isa = PBXFileReference; lastKnownFileType = file.xib; path = CategoriesViewController.xib; sourceTree = "<group>"; };
		7ED5CED02459129A00E5D454 /* CategoriesPresenter.swift */ = {isa = PBXFileReference; lastKnownFileType = sourcecode.swift; path = CategoriesPresenter.swift; sourceTree = "<group>"; };
		7ED5CED22459145A00E5D454 /* SimpleTableViewDataSource.swift */ = {isa = PBXFileReference; lastKnownFileType = sourcecode.swift; path = SimpleTableViewDataSource.swift; sourceTree = "<group>"; };
		7ED5CED6245915FD00E5D454 /* SimpleTableViewProvider.swift */ = {isa = PBXFileReference; lastKnownFileType = sourcecode.swift; path = SimpleTableViewProvider.swift; sourceTree = "<group>"; };
		7ED5CED82459164600E5D454 /* TableSection.swift */ = {isa = PBXFileReference; lastKnownFileType = sourcecode.swift; path = TableSection.swift; sourceTree = "<group>"; };
		7ED5CEDA245916B600E5D454 /* CategoriesTableDataSource.swift */ = {isa = PBXFileReference; lastKnownFileType = sourcecode.swift; path = CategoriesTableDataSource.swift; sourceTree = "<group>"; };
		7ED5CEDD24591E6E00E5D454 /* CategoryCellModel.swift */ = {isa = PBXFileReference; lastKnownFileType = sourcecode.swift; path = CategoryCellModel.swift; sourceTree = "<group>"; };
		7ED5CEDF245920BF00E5D454 /* String+Emoji.swift */ = {isa = PBXFileReference; lastKnownFileType = sourcecode.swift; path = "String+Emoji.swift"; sourceTree = "<group>"; };
		7ED5CEE22459238500E5D454 /* CategoryTableViewCell.swift */ = {isa = PBXFileReference; lastKnownFileType = sourcecode.swift; path = CategoryTableViewCell.swift; sourceTree = "<group>"; };
		7ED5CEE32459238500E5D454 /* CategoryTableViewCell.xib */ = {isa = PBXFileReference; lastKnownFileType = file.xib; path = CategoryTableViewCell.xib; sourceTree = "<group>"; };
		7ED5CEE72459275B00E5D454 /* Reuable.swift */ = {isa = PBXFileReference; lastKnownFileType = sourcecode.swift; path = Reuable.swift; sourceTree = "<group>"; };
		7ED5CEE9245927AD00E5D454 /* DescriptibleByType.swift */ = {isa = PBXFileReference; lastKnownFileType = sourcecode.swift; path = DescriptibleByType.swift; sourceTree = "<group>"; };
		7ED5CEEB2459288800E5D454 /* NSObject+Descriptible.swift */ = {isa = PBXFileReference; lastKnownFileType = sourcecode.swift; path = "NSObject+Descriptible.swift"; sourceTree = "<group>"; };
		7ED5CEED24592B1F00E5D454 /* UIView+DefaultNib.swift */ = {isa = PBXFileReference; lastKnownFileType = sourcecode.swift; path = "UIView+DefaultNib.swift"; sourceTree = "<group>"; };
		7ED5CEEF24592C3D00E5D454 /* UITableView+Reuable.swift */ = {isa = PBXFileReference; lastKnownFileType = sourcecode.swift; path = "UITableView+Reuable.swift"; sourceTree = "<group>"; };
/* End PBXFileReference section */

/* Begin PBXFrameworksBuildPhase section */
		7ED5CE2824590A7C00E5D454 /* Frameworks */ = {
			isa = PBXFrameworksBuildPhase;
			buildActionMask = 2147483647;
			files = (
			);
			runOnlyForDeploymentPostprocessing = 0;
		};
		7ED5CE4124590A8000E5D454 /* Frameworks */ = {
			isa = PBXFrameworksBuildPhase;
			buildActionMask = 2147483647;
			files = (
			);
			runOnlyForDeploymentPostprocessing = 0;
		};
/* End PBXFrameworksBuildPhase section */

/* Begin PBXGroup section */
		7EAA477924596078005565C1 /* DataModel */ = {
			isa = PBXGroup;
			children = (
				7EAA477C24596169005565C1 /* ManagedObject.swift */,
				7EAA477A2459609A005565C1 /* ExpenseCategory.swift */,
				7EAA478E245AD11B005565C1 /* ExpenseBudget.swift */,
				7E41B9D4245DB982005155BA /* ExpenseTransaction.swift */,
			);
			path = DataModel;
			sourceTree = "<group>";
		};
		7EAA47882459A702005565C1 /* Managed */ = {
			isa = PBXGroup;
			children = (
				7EAA47892459A71C005565C1 /* ManagedObjectType.swift */,
			);
			path = Managed;
			sourceTree = "<group>";
		};
		7EAA478B245A3F27005565C1 /* Extension */ = {
			isa = PBXGroup;
			children = (
				7EAA478C245A3F3F005565C1 /* NSManagedObjectContext+CRUD.swift */,
			);
			path = Extension;
			sourceTree = "<group>";
		};
		7EAA4790245AD163005565C1 /* Domain */ = {
			isa = PBXGroup;
			children = (
				7EAA4791245AD179005565C1 /* CategoryDTO.swift */,
				7E41B9D6245DBE5E005155BA /* TransactionDTO.swift */,
				7EAA4793245AD189005565C1 /* BudgetDTO.swift */,
			);
			path = Domain;
			sourceTree = "<group>";
		};
		7EAA479C245B9B36005565C1 /* Helper */ = {
			isa = PBXGroup;
			children = (
				7EAA47A4245B9C22005565C1 /* LimitValidator.swift */,
				7EAA47AA245BD318005565C1 /* AnyValidator.swift */,
				7EAA47A6245BB6D4005565C1 /* DecimalValidator.swift */,
				7EAA479F245B9B84005565C1 /* TextFieldDelegation.swift */,
				7EAA479D245B9B4B005565C1 /* CurrencyTextFieldDelegate.swift */,
				7EAA47A8245BD2D0005565C1 /* AnyTextFieldDelegation.swift */,
			);
			path = Helper;
			sourceTree = "<group>";
		};
		7EAA47A1245B9BB2005565C1 /* Functional */ = {
			isa = PBXGroup;
			children = (
				7EAA47A2245B9BBE005565C1 /* Either.swift */,
				7ED5CE5F24590FD000E5D454 /* Reader.swift */,
			);
			path = Functional;
			sourceTree = "<group>";
		};
		7EAA47B8245C4C0B005565C1 /* DependencyContrainer */ = {
			isa = PBXGroup;
			children = (
				7EAA47B9245C4C1B005565C1 /* DependencyInjection.swift */,
			);
			path = DependencyContrainer;
			sourceTree = "<group>";
		};
		7EAA47BF245D03D3005565C1 /* TransactionList */ = {
			isa = PBXGroup;
			children = (
				7EAA47C4245D061C005565C1 /* TableView */,
				7EAA47C1245D03E7005565C1 /* TransactionListViewController.xib */,
				7EAA47D0245D177C005565C1 /* TransactionListViewController.swift */,
				7EAA47D2245D2A80005565C1 /* TransactionListRouter.swift */,
			);
			path = TransactionList;
			sourceTree = "<group>";
		};
		7EAA47C4245D061C005565C1 /* TableView */ = {
			isa = PBXGroup;
			children = (
				7EAA47C9245D0856005565C1 /* TransactionCellModel.swift */,
				7EAA47C5245D0635005565C1 /* TransactionTableViewCell.swift */,
				7EAA47C6245D0635005565C1 /* TransactionTableViewCell.xib */,
			);
			path = TableView;
			sourceTree = "<group>";
		};
		7EAA47CB245D13BB005565C1 /* Transaction */ = {
			isa = PBXGroup;
			children = (
				7EAA47CC245D13D6005565C1 /* TransactionViewController.swift */,
				7E41B9D8245E2D90005155BA /* TransactionPresenter.swift */,
				7E41B9D0245D5A1A005155BA /* TransactionRouter.swift */,
				7EAA47CD245D13D6005565C1 /* TransactionViewController.xib */,
			);
			path = Transaction;
			sourceTree = "<group>";
		};
		7ED5CE2224590A7C00E5D454 = {
			isa = PBXGroup;
			children = (
				7ED5CE2D24590A7C00E5D454 /* Expensee */,
				7ED5CE4724590A8000E5D454 /* ExpenseeTests */,
				7ED5CE2C24590A7C00E5D454 /* Products */,
			);
			sourceTree = "<group>";
		};
		7ED5CE2C24590A7C00E5D454 /* Products */ = {
			isa = PBXGroup;
			children = (
				7ED5CE2B24590A7C00E5D454 /* Expensee.app */,
				7ED5CE4424590A8000E5D454 /* ExpenseeTests.xctest */,
			);
			name = Products;
			sourceTree = "<group>";
		};
		7ED5CE2D24590A7C00E5D454 /* Expensee */ = {
			isa = PBXGroup;
			children = (
				7EAA4790245AD163005565C1 /* Domain */,
				7EFE70E024594B2F00BA3CAE /* CoreData */,
				7ED5CEC92459122E00E5D454 /* Scenes */,
				7ED5CE5E24590FD000E5D454 /* Commons */,
				7ED5CE70245910B300E5D454 /* Networking */,
				7ED5CE5324590F2800E5D454 /* Flow */,
				7ED5CE2E24590A7C00E5D454 /* AppDelegate.swift */,
				7ED5CE3A24590A7F00E5D454 /* Assets.xcassets */,
				7ED5CE3C24590A7F00E5D454 /* LaunchScreen.storyboard */,
				7ED5CE3F24590A7F00E5D454 /* Info.plist */,
			);
			path = Expensee;
			sourceTree = "<group>";
		};
		7ED5CE4724590A8000E5D454 /* ExpenseeTests */ = {
			isa = PBXGroup;
			children = (
				7ED5CE4824590A8000E5D454 /* ExpenseeTests.swift */,
				7ED5CE4A24590A8000E5D454 /* Info.plist */,
			);
			path = ExpenseeTests;
			sourceTree = "<group>";
		};
		7ED5CE5324590F2800E5D454 /* Flow */ = {
			isa = PBXGroup;
			children = (
				7ED5CE5424590F5C00E5D454 /* LaunchInteractor.swift */,
				7ED5CE5524590F5C00E5D454 /* LaunchDetailsInteractor.swift */,
				7ED5CE5A24590FA300E5D454 /* LaunchPresenter.swift */,
				7ED5CE5824590FA300E5D454 /* LaunchViewController.swift */,
				7ED5CE5924590FA300E5D454 /* LaunchViewController.xib */,
			);
			path = Flow;
			sourceTree = "<group>";
		};
		7ED5CE5E24590FD000E5D454 /* Commons */ = {
			isa = PBXGroup;
			children = (
				7EAA47B8245C4C0B005565C1 /* DependencyContrainer */,
				7EAA47A1245B9BB2005565C1 /* Functional */,
				7EAA479C245B9B36005565C1 /* Helper */,
				7ED5CED52459156600E5D454 /* TableViewHandling */,
				7ED5CED42459155700E5D454 /* Future */,
				7ED5CE6124590FD000E5D454 /* Extensions */,
			);
			path = Commons;
			sourceTree = "<group>";
		};
		7ED5CE6124590FD000E5D454 /* Extensions */ = {
			isa = PBXGroup;
			children = (
				7ED5CEE62459275300E5D454 /* Reusable */,
				7ED5CE6224590FD000E5D454 /* UIView+Stateful.swift */,
				7ED5CE6324590FD000E5D454 /* StringExtension+TypeName.swift */,
				7ED5CE6424590FD000E5D454 /* NibExtension+NamingConvention.swift */,
				7ED5CE6524590FD000E5D454 /* UIImageView+Rest.swift */,
				7ED5CE6624590FD000E5D454 /* Fn.swift */,
				7ED5CEDF245920BF00E5D454 /* String+Emoji.swift */,
				7ED5CEEB2459288800E5D454 /* NSObject+Descriptible.swift */,
				7ED5CEED24592B1F00E5D454 /* UIView+DefaultNib.swift */,
				7ED5CEEF24592C3D00E5D454 /* UITableView+Reuable.swift */,
				7EAA47B0245BEBFA005565C1 /* UIColor+Hex.swift */,
			);
			path = Extensions;
			sourceTree = "<group>";
		};
		7ED5CE70245910B300E5D454 /* Networking */ = {
			isa = PBXGroup;
			children = (
				7ED5CE71245910B400E5D454 /* Extension */,
				7ED5CE74245910B400E5D454 /* Rest.swift */,
				7ED5CE75245910B400E5D454 /* Enums */,
				7ED5CE78245910B400E5D454 /* Model */,
				7ED5CE95245910B400E5D454 /* Request */,
				7ED5CE9C245910B400E5D454 /* Protocols */,
			);
			path = Networking;
			sourceTree = "<group>";
		};
		7ED5CE71245910B400E5D454 /* Extension */ = {
			isa = PBXGroup;
			children = (
				7ED5CE72245910B400E5D454 /* HTTPURLResponse+Status.swift */,
				7ED5CE73245910B400E5D454 /* DateFormatter.swift */,
			);
			path = Extension;
			sourceTree = "<group>";
		};
		7ED5CE75245910B400E5D454 /* Enums */ = {
			isa = PBXGroup;
			children = (
				7ED5CE76245910B400E5D454 /* HTTPMethod.swift */,
				7ED5CE77245910B400E5D454 /* Response.swift */,
			);
			path = Enums;
			sourceTree = "<group>";
		};
		7ED5CE78245910B400E5D454 /* Model */ = {
			isa = PBXGroup;
			children = (
			);
			path = Model;
			sourceTree = "<group>";
		};
		7ED5CE95245910B400E5D454 /* Request */ = {
			isa = PBXGroup;
			children = (
				7ED5CE96245910B400E5D454 /* RequestCreator.swift */,
				7ED5CE97245910B400E5D454 /* Decorator */,
				7ED5CE9B245910B400E5D454 /* XRequest.swift */,
			);
			path = Request;
			sourceTree = "<group>";
		};
		7ED5CE97245910B400E5D454 /* Decorator */ = {
			isa = PBXGroup;
			children = (
				7ED5CE98245910B400E5D454 /* RestRequestAuthorizationDecorator.swift */,
				7ED5CE99245910B400E5D454 /* RestRequestMethodDecorator.swift */,
				7ED5CE9A245910B400E5D454 /* RestRequestURLQueryDecorator.swift */,
			);
			path = Decorator;
			sourceTree = "<group>";
		};
		7ED5CE9C245910B400E5D454 /* Protocols */ = {
			isa = PBXGroup;
			children = (
				7ED5CE9D245910B400E5D454 /* RestRequest.swift */,
				7ED5CE9E245910B400E5D454 /* URLSessionProvider.swift */,
				7ED5CE9F245910B400E5D454 /* URLSessionDataTaskProtocol.swift */,
			);
			path = Protocols;
			sourceTree = "<group>";
		};
		7ED5CEC92459122E00E5D454 /* Scenes */ = {
			isa = PBXGroup;
			children = (
				7EAA47CB245D13BB005565C1 /* Transaction */,
				7EAA47BF245D03D3005565C1 /* TransactionList */,
				7ED5CECF2459125E00E5D454 /* AddCategory */,
				7ED5CECA2459123200E5D454 /* Categories */,
			);
			path = Scenes;
			sourceTree = "<group>";
		};
		7ED5CECA2459123200E5D454 /* Categories */ = {
			isa = PBXGroup;
			children = (
				7ED5CEE12459236D00E5D454 /* TableView */,
				7ED5CEDC24591E6000E5D454 /* ViewModel */,
				7ED5CECB2459125200E5D454 /* CategoriesViewController.swift */,
				7EAA47B4245C3F5A005565C1 /* CategoriesRouter.swift */,
				7ED5CECC2459125200E5D454 /* CategoriesViewController.xib */,
				7ED5CED02459129A00E5D454 /* CategoriesPresenter.swift */,
				7EAA47802459A0F4005565C1 /* CategoriesInteractor.swift */,
				7EAA4795245ADBAC005565C1 /* BudgetRepository.swift */,
				7EAA47862459A67A005565C1 /* CategoriesRepository.swift */,
				7ED5CEDA245916B600E5D454 /* CategoriesTableDataSource.swift */,
			);
			path = Categories;
			sourceTree = "<group>";
		};
		7ED5CECF2459125E00E5D454 /* AddCategory */ = {
			isa = PBXGroup;
			children = (
				7EAA4798245B8B08005565C1 /* AddCategoryViewController.swift */,
				7EAA47BB245C4E3C005565C1 /* AddCategoryPresenter.swift */,
				7EAA47B6245C4991005565C1 /* AddCategoryRouter.swift */,
				7EAA47AC245BDA45005565C1 /* AddCategoryInteractor.swift */,
				7EAA47AE245BDC40005565C1 /* CategoryColorUseCase.swift */,
				7EAA47B2245BF7D3005565C1 /* AddCategoryUseCase.swift */,
				7EAA4799245B8B08005565C1 /* AddCategoryViewController.xib */,
			);
			path = AddCategory;
			sourceTree = "<group>";
		};
		7ED5CED42459155700E5D454 /* Future */ = {
			isa = PBXGroup;
			children = (
				7ED5CE6724590FD000E5D454 /* Atomic.swift */,
				7ED5CE6024590FD000E5D454 /* Future.swift */,
			);
			path = Future;
			sourceTree = "<group>";
		};
		7ED5CED52459156600E5D454 /* TableViewHandling */ = {
			isa = PBXGroup;
			children = (
				7ED5CED22459145A00E5D454 /* SimpleTableViewDataSource.swift */,
				7ED5CED82459164600E5D454 /* TableSection.swift */,
				7ED5CED6245915FD00E5D454 /* SimpleTableViewProvider.swift */,
			);
			path = TableViewHandling;
			sourceTree = "<group>";
		};
		7ED5CEDC24591E6000E5D454 /* ViewModel */ = {
			isa = PBXGroup;
			children = (
				7EAA47BD245C594D005565C1 /* CategoriesLoadUseCase.swift */,
				7ED5CEDD24591E6E00E5D454 /* CategoryCellModel.swift */,
			);
			path = ViewModel;
			sourceTree = "<group>";
		};
		7ED5CEE12459236D00E5D454 /* TableView */ = {
			isa = PBXGroup;
			children = (
				7ED5CEE22459238500E5D454 /* CategoryTableViewCell.swift */,
				7ED5CEE32459238500E5D454 /* CategoryTableViewCell.xib */,
			);
			path = TableView;
			sourceTree = "<group>";
		};
		7ED5CEE62459275300E5D454 /* Reusable */ = {
			isa = PBXGroup;
			children = (
				7ED5CEE72459275B00E5D454 /* Reuable.swift */,
				7ED5CEE9245927AD00E5D454 /* DescriptibleByType.swift */,
			);
			path = Reusable;
			sourceTree = "<group>";
		};
		7EFE70E024594B2F00BA3CAE /* CoreData */ = {
			isa = PBXGroup;
			children = (
				7EAA478B245A3F27005565C1 /* Extension */,
				7EAA47882459A702005565C1 /* Managed */,
				7EAA477924596078005565C1 /* DataModel */,
				7ED5CE3724590A7C00E5D454 /* Expensee.xcdatamodeld */,
				7EAA477E24599DC6005565C1 /* ExpenseeContainer.swift */,
				7EAA47842459A479005565C1 /* CoreDataStore.swift */,
			);
			path = CoreData;
			sourceTree = "<group>";
		};
/* End PBXGroup section */

/* Begin PBXNativeTarget section */
		7ED5CE2A24590A7C00E5D454 /* Expensee */ = {
			isa = PBXNativeTarget;
			buildConfigurationList = 7ED5CE4D24590A8000E5D454 /* Build configuration list for PBXNativeTarget "Expensee" */;
			buildPhases = (
				7ED5CE2724590A7C00E5D454 /* Sources */,
				7ED5CE2824590A7C00E5D454 /* Frameworks */,
				7ED5CE2924590A7C00E5D454 /* Resources */,
			);
			buildRules = (
			);
			dependencies = (
			);
			name = Expensee;
			productName = Expensee;
			productReference = 7ED5CE2B24590A7C00E5D454 /* Expensee.app */;
			productType = "com.apple.product-type.application";
		};
		7ED5CE4324590A8000E5D454 /* ExpenseeTests */ = {
			isa = PBXNativeTarget;
			buildConfigurationList = 7ED5CE5024590A8000E5D454 /* Build configuration list for PBXNativeTarget "ExpenseeTests" */;
			buildPhases = (
				7ED5CE4024590A8000E5D454 /* Sources */,
				7ED5CE4124590A8000E5D454 /* Frameworks */,
				7ED5CE4224590A8000E5D454 /* Resources */,
			);
			buildRules = (
			);
			dependencies = (
				7ED5CE4624590A8000E5D454 /* PBXTargetDependency */,
			);
			name = ExpenseeTests;
			productName = ExpenseeTests;
			productReference = 7ED5CE4424590A8000E5D454 /* ExpenseeTests.xctest */;
			productType = "com.apple.product-type.bundle.unit-test";
		};
/* End PBXNativeTarget section */

/* Begin PBXProject section */
		7ED5CE2324590A7C00E5D454 /* Project object */ = {
			isa = PBXProject;
			attributes = {
				LastSwiftUpdateCheck = 1130;
				LastUpgradeCheck = 1130;
				ORGANIZATIONNAME = "Jun Meng";
				TargetAttributes = {
					7ED5CE2A24590A7C00E5D454 = {
						CreatedOnToolsVersion = 11.3.1;
					};
					7ED5CE4324590A8000E5D454 = {
						CreatedOnToolsVersion = 11.3.1;
						TestTargetID = 7ED5CE2A24590A7C00E5D454;
					};
				};
			};
			buildConfigurationList = 7ED5CE2624590A7C00E5D454 /* Build configuration list for PBXProject "Expensee" */;
			compatibilityVersion = "Xcode 9.3";
			developmentRegion = en;
			hasScannedForEncodings = 0;
			knownRegions = (
				en,
				Base,
			);
			mainGroup = 7ED5CE2224590A7C00E5D454;
			productRefGroup = 7ED5CE2C24590A7C00E5D454 /* Products */;
			projectDirPath = "";
			projectRoot = "";
			targets = (
				7ED5CE2A24590A7C00E5D454 /* Expensee */,
				7ED5CE4324590A8000E5D454 /* ExpenseeTests */,
			);
		};
/* End PBXProject section */

/* Begin PBXResourcesBuildPhase section */
		7ED5CE2924590A7C00E5D454 /* Resources */ = {
			isa = PBXResourcesBuildPhase;
			buildActionMask = 2147483647;
			files = (
				7EAA47C3245D03E7005565C1 /* TransactionListViewController.xib in Resources */,
				7ED5CE3E24590A7F00E5D454 /* LaunchScreen.storyboard in Resources */,
				7ED5CE3B24590A7F00E5D454 /* Assets.xcassets in Resources */,
				7EAA479B245B8B08005565C1 /* AddCategoryViewController.xib in Resources */,
				7ED5CECE2459125200E5D454 /* CategoriesViewController.xib in Resources */,
				7ED5CEE52459238500E5D454 /* CategoryTableViewCell.xib in Resources */,
				7EAA47C8245D0635005565C1 /* TransactionTableViewCell.xib in Resources */,
				7ED5CE5C24590FA300E5D454 /* LaunchViewController.xib in Resources */,
				7EAA47CF245D13D6005565C1 /* TransactionViewController.xib in Resources */,
			);
			runOnlyForDeploymentPostprocessing = 0;
		};
		7ED5CE4224590A8000E5D454 /* Resources */ = {
			isa = PBXResourcesBuildPhase;
			buildActionMask = 2147483647;
			files = (
			);
			runOnlyForDeploymentPostprocessing = 0;
		};
/* End PBXResourcesBuildPhase section */

/* Begin PBXSourcesBuildPhase section */
		7ED5CE2724590A7C00E5D454 /* Sources */ = {
			isa = PBXSourcesBuildPhase;
			buildActionMask = 2147483647;
			files = (
				7ED5CEC3245910B400E5D454 /* RestRequestMethodDecorator.swift in Sources */,
				7E41B9D1245D5A1A005155BA /* TransactionRouter.swift in Sources */,
				7EAA479E245B9B4B005565C1 /* CurrencyTextFieldDelegate.swift in Sources */,
				7EAA47A7245BB6D4005565C1 /* DecimalValidator.swift in Sources */,
				7ED5CEC2245910B400E5D454 /* RestRequestAuthorizationDecorator.swift in Sources */,
				7EAA47D1245D177C005565C1 /* TransactionListViewController.swift in Sources */,
				7EAA47CE245D13D6005565C1 /* TransactionViewController.swift in Sources */,
				7ED5CEA3245910B400E5D454 /* HTTPMethod.swift in Sources */,
				7ED5CEE0245920BF00E5D454 /* String+Emoji.swift in Sources */,
				7ED5CE6B24590FD000E5D454 /* StringExtension+TypeName.swift in Sources */,
				7ED5CECD2459125200E5D454 /* CategoriesViewController.swift in Sources */,
				7EAA477F24599DC6005565C1 /* ExpenseeContainer.swift in Sources */,
				7EAA47B1245BEBFA005565C1 /* UIColor+Hex.swift in Sources */,
				7EAA47B7245C4991005565C1 /* AddCategoryRouter.swift in Sources */,
				7ED5CE5B24590FA300E5D454 /* LaunchViewController.swift in Sources */,
				7ED5CEA4245910B400E5D454 /* Response.swift in Sources */,
				7EAA4794245AD189005565C1 /* BudgetDTO.swift in Sources */,
				7EAA47812459A0F4005565C1 /* CategoriesInteractor.swift in Sources */,
				7ED5CEEA245927AD00E5D454 /* DescriptibleByType.swift in Sources */,
				7EAA47AB245BD318005565C1 /* AnyValidator.swift in Sources */,
				7ED5CEC1245910B400E5D454 /* RequestCreator.swift in Sources */,
				7EAA477D24596169005565C1 /* ManagedObject.swift in Sources */,
				7ED5CEEC2459288800E5D454 /* NSObject+Descriptible.swift in Sources */,
				7EAA47BA245C4C1B005565C1 /* DependencyInjection.swift in Sources */,
				7EAA478F245AD11B005565C1 /* ExpenseBudget.swift in Sources */,
				7ED5CEE82459275B00E5D454 /* Reuable.swift in Sources */,
				7ED5CEC8245910B400E5D454 /* URLSessionDataTaskProtocol.swift in Sources */,
				7ED5CEC5245910B400E5D454 /* XRequest.swift in Sources */,
				7ED5CEC4245910B400E5D454 /* RestRequestURLQueryDecorator.swift in Sources */,
				7ED5CEA2245910B400E5D454 /* Rest.swift in Sources */,
				7EAA47A3245B9BBE005565C1 /* Either.swift in Sources */,
				7EAA479A245B8B08005565C1 /* AddCategoryViewController.swift in Sources */,
				7EAA47A0245B9B84005565C1 /* TextFieldDelegation.swift in Sources */,
				7EAA47B3245BF7D3005565C1 /* AddCategoryUseCase.swift in Sources */,
				7E41B9D5245DB982005155BA /* ExpenseTransaction.swift in Sources */,
				7EAA47BE245C594D005565C1 /* CategoriesLoadUseCase.swift in Sources */,
				7EAA4796245ADBAC005565C1 /* BudgetRepository.swift in Sources */,
				7EAA47CA245D0856005565C1 /* TransactionCellModel.swift in Sources */,
				7EAA47C7245D0635005565C1 /* TransactionTableViewCell.swift in Sources */,
				7EAA478A2459A71C005565C1 /* ManagedObjectType.swift in Sources */,
				7ED5CE6824590FD000E5D454 /* Reader.swift in Sources */,
				7EAA47852459A479005565C1 /* CoreDataStore.swift in Sources */,
				7EAA478D245A3F3F005565C1 /* NSManagedObjectContext+CRUD.swift in Sources */,
				7ED5CEDE24591E6E00E5D454 /* CategoryCellModel.swift in Sources */,
				7ED5CE6F24590FD000E5D454 /* Atomic.swift in Sources */,
				7EAA47AF245BDC40005565C1 /* CategoryColorUseCase.swift in Sources */,
				7ED5CEC6245910B400E5D454 /* RestRequest.swift in Sources */,
				7EAA477B2459609A005565C1 /* ExpenseCategory.swift in Sources */,
				7EAA47BC245C4E3C005565C1 /* AddCategoryPresenter.swift in Sources */,
				7EAA47AD245BDA45005565C1 /* AddCategoryInteractor.swift in Sources */,
				7ED5CED7245915FD00E5D454 /* SimpleTableViewProvider.swift in Sources */,
				7EAA47A9245BD2D0005565C1 /* AnyTextFieldDelegation.swift in Sources */,
				7EAA47872459A67A005565C1 /* CategoriesRepository.swift in Sources */,
				7EAA47B5245C3F5A005565C1 /* CategoriesRouter.swift in Sources */,
				7ED5CE2F24590A7C00E5D454 /* AppDelegate.swift in Sources */,
				7ED5CE5724590F5C00E5D454 /* LaunchDetailsInteractor.swift in Sources */,
				7ED5CEA1245910B400E5D454 /* DateFormatter.swift in Sources */,
				7ED5CE3924590A7C00E5D454 /* Expensee.xcdatamodeld in Sources */,
				7E41B9D7245DBE5E005155BA /* TransactionDTO.swift in Sources */,
				7ED5CEF024592C3D00E5D454 /* UITableView+Reuable.swift in Sources */,
				7ED5CEA0245910B400E5D454 /* HTTPURLResponse+Status.swift in Sources */,
				7EAA47A5245B9C22005565C1 /* LimitValidator.swift in Sources */,
				7ED5CEEE24592B1F00E5D454 /* UIView+DefaultNib.swift in Sources */,
				7ED5CE6A24590FD000E5D454 /* UIView+Stateful.swift in Sources */,
				7ED5CED92459164600E5D454 /* TableSection.swift in Sources */,
				7ED5CE6D24590FD000E5D454 /* UIImageView+Rest.swift in Sources */,
				7EAA4792245AD179005565C1 /* CategoryDTO.swift in Sources */,
				7ED5CEDB245916B600E5D454 /* CategoriesTableDataSource.swift in Sources */,
				7ED5CE6E24590FD000E5D454 /* Fn.swift in Sources */,
				7ED5CEE42459238500E5D454 /* CategoryTableViewCell.swift in Sources */,
				7ED5CED12459129A00E5D454 /* CategoriesPresenter.swift in Sources */,
				7E41B9D9245E2D90005155BA /* TransactionPresenter.swift in Sources */,
				7EAA47D3245D2A80005565C1 /* TransactionListRouter.swift in Sources */,
				7ED5CE6C24590FD000E5D454 /* NibExtension+NamingConvention.swift in Sources */,
				7ED5CED32459145A00E5D454 /* SimpleTableViewDataSource.swift in Sources */,
				7ED5CE6924590FD000E5D454 /* Future.swift in Sources */,
				7ED5CE5D24590FA300E5D454 /* LaunchPresenter.swift in Sources */,
				7ED5CEC7245910B400E5D454 /* URLSessionProvider.swift in Sources */,
				7ED5CE5624590F5C00E5D454 /* LaunchInteractor.swift in Sources */,
			);
			runOnlyForDeploymentPostprocessing = 0;
		};
		7ED5CE4024590A8000E5D454 /* Sources */ = {
			isa = PBXSourcesBuildPhase;
			buildActionMask = 2147483647;
			files = (
				7ED5CE4924590A8000E5D454 /* ExpenseeTests.swift in Sources */,
			);
			runOnlyForDeploymentPostprocessing = 0;
		};
/* End PBXSourcesBuildPhase section */

/* Begin PBXTargetDependency section */
		7ED5CE4624590A8000E5D454 /* PBXTargetDependency */ = {
			isa = PBXTargetDependency;
			target = 7ED5CE2A24590A7C00E5D454 /* Expensee */;
			targetProxy = 7ED5CE4524590A8000E5D454 /* PBXContainerItemProxy */;
		};
/* End PBXTargetDependency section */

/* Begin PBXVariantGroup section */
		7ED5CE3C24590A7F00E5D454 /* LaunchScreen.storyboard */ = {
			isa = PBXVariantGroup;
			children = (
				7ED5CE3D24590A7F00E5D454 /* Base */,
			);
			name = LaunchScreen.storyboard;
			sourceTree = "<group>";
		};
/* End PBXVariantGroup section */

/* Begin XCBuildConfiguration section */
		7ED5CE4B24590A8000E5D454 /* Debug */ = {
			isa = XCBuildConfiguration;
			buildSettings = {
				ALWAYS_SEARCH_USER_PATHS = NO;
				CLANG_ANALYZER_NONNULL = YES;
				CLANG_ANALYZER_NUMBER_OBJECT_CONVERSION = YES_AGGRESSIVE;
				CLANG_CXX_LANGUAGE_STANDARD = "gnu++14";
				CLANG_CXX_LIBRARY = "libc++";
				CLANG_ENABLE_MODULES = YES;
				CLANG_ENABLE_OBJC_ARC = YES;
				CLANG_ENABLE_OBJC_WEAK = YES;
				CLANG_WARN_BLOCK_CAPTURE_AUTORELEASING = YES;
				CLANG_WARN_BOOL_CONVERSION = YES;
				CLANG_WARN_COMMA = YES;
				CLANG_WARN_CONSTANT_CONVERSION = YES;
				CLANG_WARN_DEPRECATED_OBJC_IMPLEMENTATIONS = YES;
				CLANG_WARN_DIRECT_OBJC_ISA_USAGE = YES_ERROR;
				CLANG_WARN_DOCUMENTATION_COMMENTS = YES;
				CLANG_WARN_EMPTY_BODY = YES;
				CLANG_WARN_ENUM_CONVERSION = YES;
				CLANG_WARN_INFINITE_RECURSION = YES;
				CLANG_WARN_INT_CONVERSION = YES;
				CLANG_WARN_NON_LITERAL_NULL_CONVERSION = YES;
				CLANG_WARN_OBJC_IMPLICIT_RETAIN_SELF = YES;
				CLANG_WARN_OBJC_LITERAL_CONVERSION = YES;
				CLANG_WARN_OBJC_ROOT_CLASS = YES_ERROR;
				CLANG_WARN_RANGE_LOOP_ANALYSIS = YES;
				CLANG_WARN_STRICT_PROTOTYPES = YES;
				CLANG_WARN_SUSPICIOUS_MOVE = YES;
				CLANG_WARN_UNGUARDED_AVAILABILITY = YES_AGGRESSIVE;
				CLANG_WARN_UNREACHABLE_CODE = YES;
				CLANG_WARN__DUPLICATE_METHOD_MATCH = YES;
				COPY_PHASE_STRIP = NO;
				DEBUG_INFORMATION_FORMAT = dwarf;
				ENABLE_STRICT_OBJC_MSGSEND = YES;
				ENABLE_TESTABILITY = YES;
				GCC_C_LANGUAGE_STANDARD = gnu11;
				GCC_DYNAMIC_NO_PIC = NO;
				GCC_NO_COMMON_BLOCKS = YES;
				GCC_OPTIMIZATION_LEVEL = 0;
				GCC_PREPROCESSOR_DEFINITIONS = (
					"DEBUG=1",
					"$(inherited)",
				);
				GCC_WARN_64_TO_32_BIT_CONVERSION = YES;
				GCC_WARN_ABOUT_RETURN_TYPE = YES_ERROR;
				GCC_WARN_UNDECLARED_SELECTOR = YES;
				GCC_WARN_UNINITIALIZED_AUTOS = YES_AGGRESSIVE;
				GCC_WARN_UNUSED_FUNCTION = YES;
				GCC_WARN_UNUSED_VARIABLE = YES;
				IPHONEOS_DEPLOYMENT_TARGET = 12.0;
				MTL_ENABLE_DEBUG_INFO = INCLUDE_SOURCE;
				MTL_FAST_MATH = YES;
				ONLY_ACTIVE_ARCH = YES;
				SDKROOT = iphoneos;
				SWIFT_ACTIVE_COMPILATION_CONDITIONS = DEBUG;
				SWIFT_OPTIMIZATION_LEVEL = "-Onone";
			};
			name = Debug;
		};
		7ED5CE4C24590A8000E5D454 /* Release */ = {
			isa = XCBuildConfiguration;
			buildSettings = {
				ALWAYS_SEARCH_USER_PATHS = NO;
				CLANG_ANALYZER_NONNULL = YES;
				CLANG_ANALYZER_NUMBER_OBJECT_CONVERSION = YES_AGGRESSIVE;
				CLANG_CXX_LANGUAGE_STANDARD = "gnu++14";
				CLANG_CXX_LIBRARY = "libc++";
				CLANG_ENABLE_MODULES = YES;
				CLANG_ENABLE_OBJC_ARC = YES;
				CLANG_ENABLE_OBJC_WEAK = YES;
				CLANG_WARN_BLOCK_CAPTURE_AUTORELEASING = YES;
				CLANG_WARN_BOOL_CONVERSION = YES;
				CLANG_WARN_COMMA = YES;
				CLANG_WARN_CONSTANT_CONVERSION = YES;
				CLANG_WARN_DEPRECATED_OBJC_IMPLEMENTATIONS = YES;
				CLANG_WARN_DIRECT_OBJC_ISA_USAGE = YES_ERROR;
				CLANG_WARN_DOCUMENTATION_COMMENTS = YES;
				CLANG_WARN_EMPTY_BODY = YES;
				CLANG_WARN_ENUM_CONVERSION = YES;
				CLANG_WARN_INFINITE_RECURSION = YES;
				CLANG_WARN_INT_CONVERSION = YES;
				CLANG_WARN_NON_LITERAL_NULL_CONVERSION = YES;
				CLANG_WARN_OBJC_IMPLICIT_RETAIN_SELF = YES;
				CLANG_WARN_OBJC_LITERAL_CONVERSION = YES;
				CLANG_WARN_OBJC_ROOT_CLASS = YES_ERROR;
				CLANG_WARN_RANGE_LOOP_ANALYSIS = YES;
				CLANG_WARN_STRICT_PROTOTYPES = YES;
				CLANG_WARN_SUSPICIOUS_MOVE = YES;
				CLANG_WARN_UNGUARDED_AVAILABILITY = YES_AGGRESSIVE;
				CLANG_WARN_UNREACHABLE_CODE = YES;
				CLANG_WARN__DUPLICATE_METHOD_MATCH = YES;
				COPY_PHASE_STRIP = NO;
				DEBUG_INFORMATION_FORMAT = "dwarf-with-dsym";
				ENABLE_NS_ASSERTIONS = NO;
				ENABLE_STRICT_OBJC_MSGSEND = YES;
				GCC_C_LANGUAGE_STANDARD = gnu11;
				GCC_NO_COMMON_BLOCKS = YES;
				GCC_WARN_64_TO_32_BIT_CONVERSION = YES;
				GCC_WARN_ABOUT_RETURN_TYPE = YES_ERROR;
				GCC_WARN_UNDECLARED_SELECTOR = YES;
				GCC_WARN_UNINITIALIZED_AUTOS = YES_AGGRESSIVE;
				GCC_WARN_UNUSED_FUNCTION = YES;
				GCC_WARN_UNUSED_VARIABLE = YES;
				IPHONEOS_DEPLOYMENT_TARGET = 12.0;
				MTL_ENABLE_DEBUG_INFO = NO;
				MTL_FAST_MATH = YES;
				SDKROOT = iphoneos;
				SWIFT_COMPILATION_MODE = wholemodule;
				SWIFT_OPTIMIZATION_LEVEL = "-O";
				VALIDATE_PRODUCT = YES;
			};
			name = Release;
		};
		7ED5CE4E24590A8000E5D454 /* Debug */ = {
			isa = XCBuildConfiguration;
			buildSettings = {
				ASSETCATALOG_COMPILER_APPICON_NAME = AppIcon;
				CODE_SIGN_STYLE = Automatic;
				INFOPLIST_FILE = Expensee/Info.plist;
				IPHONEOS_DEPLOYMENT_TARGET = 12.0;
				LD_RUNPATH_SEARCH_PATHS = (
					"$(inherited)",
					"@executable_path/Frameworks",
				);
				PRODUCT_BUNDLE_IDENTIFIER = com.expedia.coreui.Expensee;
				PRODUCT_NAME = "$(TARGET_NAME)";
				SWIFT_VERSION = 5.0;
				TARGETED_DEVICE_FAMILY = 1;
			};
			name = Debug;
		};
		7ED5CE4F24590A8000E5D454 /* Release */ = {
			isa = XCBuildConfiguration;
			buildSettings = {
				ASSETCATALOG_COMPILER_APPICON_NAME = AppIcon;
				CODE_SIGN_STYLE = Automatic;
				INFOPLIST_FILE = Expensee/Info.plist;
				IPHONEOS_DEPLOYMENT_TARGET = 12.0;
				LD_RUNPATH_SEARCH_PATHS = (
					"$(inherited)",
					"@executable_path/Frameworks",
				);
				PRODUCT_BUNDLE_IDENTIFIER = com.expedia.coreui.Expensee;
				PRODUCT_NAME = "$(TARGET_NAME)";
				SWIFT_VERSION = 5.0;
				TARGETED_DEVICE_FAMILY = 1;
			};
			name = Release;
		};
		7ED5CE5124590A8000E5D454 /* Debug */ = {
			isa = XCBuildConfiguration;
			buildSettings = {
				ALWAYS_EMBED_SWIFT_STANDARD_LIBRARIES = YES;
				BUNDLE_LOADER = "$(TEST_HOST)";
				CODE_SIGN_STYLE = Automatic;
				INFOPLIST_FILE = ExpenseeTests/Info.plist;
				IPHONEOS_DEPLOYMENT_TARGET = 13.2;
				LD_RUNPATH_SEARCH_PATHS = (
					"$(inherited)",
					"@executable_path/Frameworks",
					"@loader_path/Frameworks",
				);
				PRODUCT_BUNDLE_IDENTIFIER = com.expedia.coreui.ExpenseeTests;
				PRODUCT_NAME = "$(TARGET_NAME)";
				SWIFT_VERSION = 5.0;
				TARGETED_DEVICE_FAMILY = "1,2";
				TEST_HOST = "$(BUILT_PRODUCTS_DIR)/Expensee.app/Expensee";
			};
			name = Debug;
		};
		7ED5CE5224590A8000E5D454 /* Release */ = {
			isa = XCBuildConfiguration;
			buildSettings = {
				ALWAYS_EMBED_SWIFT_STANDARD_LIBRARIES = YES;
				BUNDLE_LOADER = "$(TEST_HOST)";
				CODE_SIGN_STYLE = Automatic;
				INFOPLIST_FILE = ExpenseeTests/Info.plist;
				IPHONEOS_DEPLOYMENT_TARGET = 13.2;
				LD_RUNPATH_SEARCH_PATHS = (
					"$(inherited)",
					"@executable_path/Frameworks",
					"@loader_path/Frameworks",
				);
				PRODUCT_BUNDLE_IDENTIFIER = com.expedia.coreui.ExpenseeTests;
				PRODUCT_NAME = "$(TARGET_NAME)";
				SWIFT_VERSION = 5.0;
				TARGETED_DEVICE_FAMILY = "1,2";
				TEST_HOST = "$(BUILT_PRODUCTS_DIR)/Expensee.app/Expensee";
			};
			name = Release;
		};
/* End XCBuildConfiguration section */

/* Begin XCConfigurationList section */
		7ED5CE2624590A7C00E5D454 /* Build configuration list for PBXProject "Expensee" */ = {
			isa = XCConfigurationList;
			buildConfigurations = (
				7ED5CE4B24590A8000E5D454 /* Debug */,
				7ED5CE4C24590A8000E5D454 /* Release */,
			);
			defaultConfigurationIsVisible = 0;
			defaultConfigurationName = Release;
		};
		7ED5CE4D24590A8000E5D454 /* Build configuration list for PBXNativeTarget "Expensee" */ = {
			isa = XCConfigurationList;
			buildConfigurations = (
				7ED5CE4E24590A8000E5D454 /* Debug */,
				7ED5CE4F24590A8000E5D454 /* Release */,
			);
			defaultConfigurationIsVisible = 0;
			defaultConfigurationName = Release;
		};
		7ED5CE5024590A8000E5D454 /* Build configuration list for PBXNativeTarget "ExpenseeTests" */ = {
			isa = XCConfigurationList;
			buildConfigurations = (
				7ED5CE5124590A8000E5D454 /* Debug */,
				7ED5CE5224590A8000E5D454 /* Release */,
			);
			defaultConfigurationIsVisible = 0;
			defaultConfigurationName = Release;
		};
/* End XCConfigurationList section */

/* Begin XCVersionGroup section */
		7ED5CE3724590A7C00E5D454 /* Expensee.xcdatamodeld */ = {
			isa = XCVersionGroup;
			children = (
				7ED5CE3824590A7C00E5D454 /* Expensee.xcdatamodel */,
			);
			currentVersion = 7ED5CE3824590A7C00E5D454 /* Expensee.xcdatamodel */;
			path = Expensee.xcdatamodeld;
			sourceTree = "<group>";
			versionGroupType = wrapper.xcdatamodel;
		};
/* End XCVersionGroup section */
	};
	rootObject = 7ED5CE2324590A7C00E5D454 /* Project object */;
}
